
Microsoft Visual Studio Solution File, Format Version 12.00
# Visual Studio Version 17
VisualStudioVersion = 17.0.31903.59
MinimumVisualStudioVersion = 10.0.40219.1
Project("{2150E333-8FDC-42A3-9474-1A3956D46DE8}") = "src", "src", "{827E0CD3-B72D-47B6-A68D-7590B98EB39B}"
EndProject
Project("{FAE04EC0-301F-11D3-BF4B-00C04F79EFBC}") = "WinLedger.App", "src\WinLedger.App\WinLedger.App.csproj", "{F2AB0436-5BA3-4928-8D62-31C215FB5843}"
EndProject
Project("{FAE04EC0-301F-11D3-BF4B-00C04F79EFBC}") = "WinLedger.Cli", "src\WinLedger.Cli\WinLedger.Cli.csproj", "{98F624E5-9992-42DE-AE77-A7284E8EDB4C}"
EndProject
Project("{FAE04EC0-301F-11D3-BF4B-00C04F79EFBC}") = "WinLedger.Collectors", "src\WinLedger.Collectors\WinLedger.Collectors.csproj", "{2D3514EE-C50A-4494-8096-4BEE2BC34802}"
EndProject
Project("{FAE04EC0-301F-11D3-BF4B-00C04F79EFBC}") = "WinLedger.Comparison", "src\WinLedger.Comparison\WinLedger.Comparison.csproj", "{ACAF4A98-3C86-4040-84CE-DC0CCA314CE1}"
EndProject
Project("{FAE04EC0-301F-11D3-BF4B-00C04F79EFBC}") = "WinLedger.Core", "src\WinLedger.Core\WinLedger.Core.csproj", "{F8E01450-F69A-47D6-BA1E-09DC73161845}"
EndProject
Project("{FAE04EC0-301F-11D3-BF4B-00C04F79EFBC}") = "WinLedger.Domain", "src\WinLedger.Domain\WinLedger.Domain.csproj", "{E56416FA-A827-4961-BE31-FB2C2F6D0A52}"
EndProject
Project("{FAE04EC0-301F-11D3-BF4B-00C04F79EFBC}") = "WinLedger.Rollback", "src\WinLedger.Rollback\WinLedger.Rollback.csproj", "{4A255D2C-26C2-4FEA-BA1C-0676E237EF88}"
EndProject
Project("{FAE04EC0-301F-11D3-BF4B-00C04F79EFBC}") = "WinLedger.Storage", "src\WinLedger.Storage\WinLedger.Storage.csproj", "{258E3C76-493B-4B13-A3DB-B0551EBBF958}"
EndProject
Project("{FAE04EC0-301F-11D3-BF4B-00C04F79EFBC}") = "WinLedger.Windows", "src\WinLedger.Windows\WinLedger.Windows.csproj", "{E23ED7F8-273E-491A-9FEC-E522C0D0C226}"
EndProject
Project("{FAE04EC0-301F-11D3-BF4B-00C04F79EFBC}") = "WinLedger.Tests", "tests\WinLedger.Tests\WinLedger.Tests.csproj", "{B4F1C910-CCB5-4CB8-B100-9C6EA7CFF688}"
EndProject
Project("{FAE04EC0-301F-11D3-BF4B-00C04F79EFBC}") = "WinLedger.ElevatedHelper", "src\WinLedger.ElevatedHelper\WinLedger.ElevatedHelper.csproj", "{2CBE3405-D9EA-45A2-9B65-591314FBABAD}"
EndProject
Global
	GlobalSection(SolutionConfigurationPlatforms) = preSolution
		Debug|Any CPU = Debug|Any CPU
		Debug|x64 = Debug|x64
		Debug|x86 = Debug|x86
		Release|Any CPU = Release|Any CPU
		Release|x64 = Release|x64
		Release|x86 = Release|x86
	EndGlobalSection
	GlobalSection(ProjectConfigurationPlatforms) = postSolution
		{F2AB0436-5BA3-4928-8D62-31C215FB5843}.Debug|Any CPU.ActiveCfg = Debug|Any CPU
		{F2AB0436-5BA3-4928-8D62-31C215FB5843}.Debug|Any CPU.Build.0 = Debug|Any CPU
		{F2AB0436-5BA3-4928-8D62-31C215FB5843}.Debug|x64.ActiveCfg = Debug|Any CPU
		{F2AB0436-5BA3-4928-8D62-31C215FB5843}.Debug|x64.Build.0 = Debug|Any CPU
		{F2AB0436-5BA3-4928-8D62-31C215FB5843}.Debug|x86.ActiveCfg = Debug|Any CPU
		{F2AB0436-5BA3-4928-8D62-31C215FB5843}.Debug|x86.Build.0 = Debug|Any CPU
		{F2AB0436-5BA3-4928-8D62-31C215FB5843}.Release|Any CPU.ActiveCfg = Release|Any CPU
		{F2AB0436-5BA3-4928-8D62-31C215FB5843}.Release|Any CPU.Build.0 = Release|Any CPU
		{F2AB0436-5BA3-4928-8D62-31C215FB5843}.Release|x64.ActiveCfg = Release|Any CPU
		{F2AB0436-5BA3-4928-8D62-31C215FB5843}.Release|x64.Build.0 = Release|Any CPU
		{F2AB0436-5BA3-4928-8D62-31C215FB5843}.Release|x86.ActiveCfg = Release|Any CPU
		{F2AB0436-5BA3-4928-8D62-31C215FB5843}.Release|x86.Build.0 = Release|Any CPU
		{98F624E5-9992-42DE-AE77-A7284E8EDB4C}.Debug|Any CPU.ActiveCfg = Debug|Any CPU
		{98F624E5-9992-42DE-AE77-A7284E8EDB4C}.Debug|Any CPU.Build.0 = Debug|Any CPU
		{98F624E5-9992-42DE-AE77-A7284E8EDB4C}.Debug|x64.ActiveCfg = Debug|Any CPU
		{98F624E5-9992-42DE-AE77-A7284E8EDB4C}.Debug|x64.Build.0 = Debug|Any CPU
		{98F624E5-9992-42DE-AE77-A7284E8EDB4C}.Debug|x86.ActiveCfg = Debug|Any CPU
		{98F624E5-9992-42DE-AE77-A7284E8EDB4C}.Debug|x86.Build.0 = Debug|Any CPU
		{98F624E5-9992-42DE-AE77-A7284E8EDB4C}.Release|Any CPU.ActiveCfg = Release|Any CPU
		{98F624E5-9992-42DE-AE77-A7284E8EDB4C}.Release|Any CPU.Build.0 = Release|Any CPU
		{98F624E5-9992-42DE-AE77-A7284E8EDB4C}.Release|x64.ActiveCfg = Release|Any CPU
		{98F624E5-9992-42DE-AE77-A7284E8EDB4C}.Release|x64.Build.0 = Release|Any CPU
		{98F624E5-9992-42DE-AE77-A7284E8EDB4C}.Release|x86.ActiveCfg = Release|Any CPU
		{98F624E5-9992-42DE-AE77-A7284E8EDB4C}.Release|x86.Build.0 = Release|Any CPU
		{2D3514EE-C50A-4494-8096-4BEE2BC34802}.Debug|Any CPU.ActiveCfg = Debug|Any CPU
		{2D3514EE-C50A-4494-8096-4BEE2BC34802}.Debug|Any CPU.Build.0 = Debug|Any CPU
		{2D3514EE-C50A-4494-8096-4BEE2BC34802}.Debug|x64.ActiveCfg = Debug|Any CPU
		{2D3514EE-C50A-4494-8096-4BEE2BC34802}.Debug|x64.Build.0 = Debug|Any CPU
		{2D3514EE-C50A-4494-8096-4BEE2BC34802}.Debug|x86.ActiveCfg = Debug|Any CPU
		{2D3514EE-C50A-4494-8096-4BEE2BC34802}.Debug|x86.Build.0 = Debug|Any CPU
		{2D3514EE-C50A-4494-8096-4BEE2BC34802}.Release|Any CPU.ActiveCfg = Release|Any CPU
		{2D3514EE-C50A-4494-8096-4BEE2BC34802}.Release|Any CPU.Build.0 = Release|Any CPU
		{2D3514EE-C50A-4494-8096-4BEE2BC34802}.Release|x64.ActiveCfg = Release|Any CPU
		{2D3514EE-C50A-4494-8096-4BEE2BC34802}.Release|x64.Build.0 = Release|Any CPU
		{2D3514EE-C50A-4494-8096-4BEE2BC34802}.Release|x86.ActiveCfg = Release|Any CPU
		{2D3514EE-C50A-4494-8096-4BEE2BC34802}.Release|x86.Build.0 = Release|Any CPU
		{ACAF4A98-3C86-4040-84CE-DC0CCA314CE1}.Debug|Any CPU.ActiveCfg = Debug|Any CPU
		{ACAF4A98-3C86-4040-84CE-DC0CCA314CE1}.Debug|Any CPU.Build.0 = Debug|Any CPU
		{ACAF4A98-3C86-4040-84CE-DC0CCA314CE1}.Debug|x64.ActiveCfg = Debug|Any CPU
		{ACAF4A98-3C86-4040-84CE-DC0CCA314CE1}.Debug|x64.Build.0 = Debug|Any CPU
		{ACAF4A98-3C86-4040-84CE-DC0CCA314CE1}.Debug|x86.ActiveCfg = Debug|Any CPU
		{ACAF4A98-3C86-4040-84CE-DC0CCA314CE1}.Debug|x86.Build.0 = Debug|Any CPU
		{ACAF4A98-3C86-4040-84CE-DC0CCA314CE1}.Release|Any CPU.ActiveCfg = Release|Any CPU
		{ACAF4A98-3C86-4040-84CE-DC0CCA314CE1}.Release|Any CPU.Build.0 = Release|Any CPU
		{ACAF4A98-3C86-4040-84CE-DC0CCA314CE1}.Release|x64.ActiveCfg = Release|Any CPU
		{ACAF4A98-3C86-4040-84CE-DC0CCA314CE1}.Release|x64.Build.0 = Release|Any CPU
		{ACAF4A98-3C86-4040-84CE-DC0CCA314CE1}.Release|x86.ActiveCfg = Release|Any CPU
		{ACAF4A98-3C86-4040-84CE-DC0CCA314CE1}.Release|x86.Build.0 = Release|Any CPU
		{F8E01450-F69A-47D6-BA1E-09DC73161845}.Debug|Any CPU.ActiveCfg = Debug|Any CPU
		{F8E01450-F69A-47D6-BA1E-09DC73161845}.Debug|Any CPU.Build.0 = Debug|Any CPU
		{F8E01450-F69A-47D6-BA1E-09DC73161845}.Debug|x64.ActiveCfg = Debug|Any CPU
		{F8E01450-F69A-47D6-BA1E-09DC73161845}.Debug|x64.Build.0 = Debug|Any CPU
		{F8E01450-F69A-47D6-BA1E-09DC73161845}.Debug|x86.ActiveCfg = Debug|Any CPU
		{F8E01450-F69A-47D6-BA1E-09DC73161845}.Debug|x86.Build.0 = Debug|Any CPU
		{F8E01450-F69A-47D6-BA1E-09DC73161845}.Release|Any CPU.ActiveCfg = Release|Any CPU
		{F8E01450-F69A-47D6-BA1E-09DC73161845}.Release|Any CPU.Build.0 = Release|Any CPU
		{F8E01450-F69A-47D6-BA1E-09DC73161845}.Release|x64.ActiveCfg = Release|Any CPU
		{F8E01450-F69A-47D6-BA1E-09DC73161845}.Release|x64.Build.0 = Release|Any CPU
		{F8E01450-F69A-47D6-BA1E-09DC73161845}.Release|x86.ActiveCfg = Release|Any CPU
		{F8E01450-F69A-47D6-BA1E-09DC73161845}.Release|x86.Build.0 = Release|Any CPU
		{E56416FA-A827-4961-BE31-FB2C2F6D0A52}.Debug|Any CPU.ActiveCfg = Debug|Any CPU
		{E56416FA-A827-4961-BE31-FB2C2F6D0A52}.Debug|Any CPU.Build.0 = Debug|Any CPU
		{E56416FA-A827-4961-BE31-FB2C2F6D0A52}.Debug|x64.ActiveCfg = Debug|Any CPU
		{E56416FA-A827-4961-BE31-FB2C2F6D0A52}.Debug|x64.Build.0 = Debug|Any CPU
		{E56416FA-A827-4961-BE31-FB2C2F6D0A52}.Debug|x86.ActiveCfg = Debug|Any CPU
		{E56416FA-A827-4961-BE31-FB2C2F6D0A52}.Debug|x86.Build.0 = Debug|Any CPU
		{E56416FA-A827-4961-BE31-FB2C2F6D0A52}.Release|Any CPU.ActiveCfg = Release|Any CPU
		{E56416FA-A827-4961-BE31-FB2C2F6D0A52}.Release|Any CPU.Build.0 = Release|Any CPU
		{E56416FA-A827-4961-BE31-FB2C2F6D0A52}.Release|x64.ActiveCfg = Release|Any CPU
		{E56416FA-A827-4961-BE31-FB2C2F6D0A52}.Release|x64.Build.0 = Release|Any CPU
		{E56416FA-A827-4961-BE31-FB2C2F6D0A52}.Release|x86.ActiveCfg = Release|Any CPU
		{E56416FA-A827-4961-BE31-FB2C2F6D0A52}.Release|x86.Build.0 = Release|Any CPU
		{4A255D2C-26C2-4FEA-BA1C-0676E237EF88}.Debug|Any CPU.ActiveCfg = Debug|Any CPU
		{4A255D2C-26C2-4FEA-BA1C-0676E237EF88}.Debug|Any CPU.Build.0 = Debug|Any CPU
		{4A255D2C-26C2-4FEA-BA1C-0676E237EF88}.Debug|x64.ActiveCfg = Debug|Any CPU
		{4A255D2C-26C2-4FEA-BA1C-0676E237EF88}.Debug|x64.Build.0 = Debug|Any CPU
		{4A255D2C-26C2-4FEA-BA1C-0676E237EF88}.Debug|x86.ActiveCfg = Debug|Any CPU
		{4A255D2C-26C2-4FEA-BA1C-0676E237EF88}.Debug|x86.Build.0 = Debug|Any CPU
		{4A255D2C-26C2-4FEA-BA1C-0676E237EF88}.Release|Any CPU.ActiveCfg = Release|Any CPU
		{4A255D2C-26C2-4FEA-BA1C-0676E237EF88}.Release|Any CPU.Build.0 = Release|Any CPU
		{4A255D2C-26C2-4FEA-BA1C-0676E237EF88}.Release|x64.ActiveCfg = Release|Any CPU
		{4A255D2C-26C2-4FEA-BA1C-0676E237EF88}.Release|x64.Build.0 = Release|Any CPU
		{4A255D2C-26C2-4FEA-BA1C-0676E237EF88}.Release|x86.ActiveCfg = Release|Any CPU
		{4A255D2C-26C2-4FEA-BA1C-0676E237EF88}.Release|x86.Build.0 = Release|Any CPU
		{258E3C76-493B-4B13-A3DB-B0551EBBF958}.Debug|Any CPU.ActiveCfg = Debug|Any CPU
		{258E3C76-493B-4B13-A3DB-B0551EBBF958}.Debug|Any CPU.Build.0 = Debug|Any CPU
		{258E3C76-493B-4B13-A3DB-B0551EBBF958}.Debug|x64.ActiveCfg = Debug|Any CPU
		{258E3C76-493B-4B13-A3DB-B0551EBBF958}.Debug|x64.Build.0 = Debug|Any CPU
		{258E3C76-493B-4B13-A3DB-B0551EBBF958}.Debug|x86.ActiveCfg = Debug|Any CPU
		{258E3C76-493B-4B13-A3DB-B0551EBBF958}.Debug|x86.Build.0 = Debug|Any CPU
		{258E3C76-493B-4B13-A3DB-B0551EBBF958}.Release|Any CPU.ActiveCfg = Release|Any CPU
		{258E3C76-493B-4B13-A3DB-B0551EBBF958}.Release|Any CPU.Build.0 = Release|Any CPU
		{258E3C76-493B-4B13-A3DB-B0551EBBF958}.Release|x64.ActiveCfg = Release|Any CPU
		{258E3C76-493B-4B13-A3DB-B0551EBBF958}.Release|x64.Build.0 = Release|Any CPU
		{258E3C76-493B-4B13-A3DB-B0551EBBF958}.Release|x86.ActiveCfg = Release|Any CPU
		{258E3C76-493B-4B13-A3DB-B0551EBBF958}.Release|x86.Build.0 = Release|Any CPU
		{E23ED7F8-273E-491A-9FEC-E522C0D0C226}.Debug|Any CPU.ActiveCfg = Debug|Any CPU
		{E23ED7F8-273E-491A-9FEC-E522C0D0C226}.Debug|Any CPU.Build.0 = Debug|Any CPU
		{E23ED7F8-273E-491A-9FEC-E522C0D0C226}.Debug|x64.ActiveCfg = Debug|Any CPU
		{E23ED7F8-273E-491A-9FEC-E522C0D0C226}.Debug|x64.Build.0 = Debug|Any CPU
		{E23ED7F8-273E-491A-9FEC-E522C0D0C226}.Debug|x86.ActiveCfg = Debug|Any CPU
		{E23ED7F8-273E-491A-9FEC-E522C0D0C226}.Debug|x86.Build.0 = Debug|Any CPU
		{E23ED7F8-273E-491A-9FEC-E522C0D0C226}.Release|Any CPU.ActiveCfg = Release|Any CPU
		{E23ED7F8-273E-491A-9FEC-E522C0D0C226}.Release|Any CPU.Build.0 = Release|Any CPU
		{E23ED7F8-273E-491A-9FEC-E522C0D0C226}.Release|x64.ActiveCfg = Release|Any CPU
		{E23ED7F8-273E-491A-9FEC-E522C0D0C226}.Release|x64.Build.0 = Release|Any CPU
		{E23ED7F8-273E-491A-9FEC-E522C0D0C226}.Release|x86.ActiveCfg = Release|Any CPU
		{E23ED7F8-273E-491A-9FEC-E522C0D0C226}.Release|x86.Build.0 = Release|Any CPU
		{B4F1C910-CCB5-4CB8-B100-9C6EA7CFF688}.Debug|Any CPU.ActiveCfg = Debug|Any CPU
		{B4F1C910-CCB5-4CB8-B100-9C6EA7CFF688}.Debug|Any CPU.Build.0 = Debug|Any CPU
		{B4F1C910-CCB5-4CB8-B100-9C6EA7CFF688}.Debug|x64.ActiveCfg = Debug|Any CPU
		{B4F1C910-CCB5-4CB8-B100-9C6EA7CFF688}.Debug|x64.Build.0 = Debug|Any CPU
		{B4F1C910-CCB5-4CB8-B100-9C6EA7CFF688}.Debug|x86.ActiveCfg = Debug|Any CPU
		{B4F1C910-CCB5-4CB8-B100-9C6EA7CFF688}.Debug|x86.Build.0 = Debug|Any CPU
		{B4F1C910-CCB5-4CB8-B100-9C6EA7CFF688}.Release|Any CPU.ActiveCfg = Release|Any CPU
		{B4F1C910-CCB5-4CB8-B100-9C6EA7CFF688}.Release|Any CPU.Build.0 = Release|Any CPU
		{B4F1C910-CCB5-4CB8-B100-9C6EA7CFF688}.Release|x64.ActiveCfg = Release|Any CPU
		{B4F1C910-CCB5-4CB8-B100-9C6EA7CFF688}.Release|x64.Build.0 = Release|Any CPU
		{B4F1C910-CCB5-4CB8-B100-9C6EA7CFF688}.Release|x86.ActiveCfg = Release|Any CPU
		{B4F1C910-CCB5-4CB8-B100-9C6EA7CFF688}.Release|x86.Build.0 = Release|Any CPU
		{2CBE3405-D9EA-45A2-9B65-591314FBABAD}.Debug|Any CPU.ActiveCfg = Debug|Any CPU
		{2CBE3405-D9EA-45A2-9B65-591314FBABAD}.Debug|Any CPU.Build.0 = Debug|Any CPU
		{2CBE3405-D9EA-45A2-9B65-591314FBABAD}.Debug|x64.ActiveCfg = Debug|Any CPU
		{2CBE3405-D9EA-45A2-9B65-591314FBABAD}.Debug|x64.Build.0 = Debug|Any CPU
		{2CBE3405-D9EA-45A2-9B65-591314FBABAD}.Debug|x86.ActiveCfg = Debug|Any CPU
		{2CBE3405-D9EA-45A2-9B65-591314FBABAD}.Debug|x86.Build.0 = Debug|Any CPU
		{2CBE3405-D9EA-45A2-9B65-591314FBABAD}.Release|Any CPU.ActiveCfg = Release|Any CPU
		{2CBE3405-D9EA-45A2-9B65-591314FBABAD}.Release|Any CPU.Build.0 = Release|Any CPU
		{2CBE3405-D9EA-45A2-9B65-591314FBABAD}.Release|x64.ActiveCfg = Release|Any CPU
		{2CBE3405-D9EA-45A2-9B65-591314FBABAD}.Release|x64.Build.0 = Release|Any CPU
		{2CBE3405-D9EA-45A2-9B65-591314FBABAD}.Release|x86.ActiveCfg = Release|Any CPU
		{2CBE3405-D9EA-45A2-9B65-591314FBABAD}.Release|x86.Build.0 = Release|Any CPU
	EndGlobalSection
	GlobalSection(SolutionProperties) = preSolution
		HideSolutionNode = FALSE
	EndGlobalSection
	GlobalSection(NestedProjects) = preSolution
		{F2AB0436-5BA3-4928-8D62-31C215FB5843} = {827E0CD3-B72D-47B6-A68D-7590B98EB39B}
		{98F624E5-9992-42DE-AE77-A7284E8EDB4C} = {827E0CD3-B72D-47B6-A68D-7590B98EB39B}
		{2D3514EE-C50A-4494-8096-4BEE2BC34802} = {827E0CD3-B72D-47B6-A68D-7590B98EB39B}
		{ACAF4A98-3C86-4040-84CE-DC0CCA314CE1} = {827E0CD3-B72D-47B6-A68D-7590B98EB39B}
		{F8E01450-F69A-47D6-BA1E-09DC73161845} = {827E0CD3-B72D-47B6-A68D-7590B98EB39B}
		{E56416FA-A827-4961-BE31-FB2C2F6D0A52} = {827E0CD3-B72D-47B6-A68D-7590B98EB39B}
		{4A255D2C-26C2-4FEA-BA1C-0676E237EF88} = {827E0CD3-B72D-47B6-A68D-7590B98EB39B}
		{258E3C76-493B-4B13-A3DB-B0551EBBF958} = {827E0CD3-B72D-47B6-A68D-7590B98EB39B}
		{E23ED7F8-273E-491A-9FEC-E522C0D0C226} = {827E0CD3-B72D-47B6-A68D-7590B98EB39B}
		{B4F1C910-CCB5-4CB8-B100-9C6EA7CFF688} = {827E0CD3-B72D-47B6-A68D-7590B98EB39B}
		{2CBE3405-D9EA-45A2-9B65-591314FBABAD} = {827E0CD3-B72D-47B6-A68D-7590B98EB39B}
	EndGlobalSection
EndGlobal
